
Microsoft Visual Studio Solution File, Format Version 12.00
# Visual Studio Version 17
VisualStudioVersion = 17.3.32929.385
MinimumVisualStudioVersion = 10.0.40219.1
Project("{FAE04EC0-301F-11D3-BF4B-00C04F79EFBC}") = "ProductosCoppel", "ProductosCoppel\ProductosCoppel.csproj", "{87558811-EBD1-4D7C-8E21-70EAEA354EB5}"
EndProject
Global
	GlobalSection(SolutionConfigurationPlatforms) = preSolution
		Debug|Any CPU = Debug|Any CPU
		Release|Any CPU = Release|Any CPU
	EndGlobalSection
	GlobalSection(ProjectConfigurationPlatforms) = postSolution
		{87558811-EBD1-4D7C-8E21-70EAEA354EB5}.Debug|Any CPU.ActiveCfg = Debug|Any CPU
		{87558811-EBD1-4D7C-8E21-70EAEA354EB5}.Debug|Any CPU.Build.0 = Debug|Any CPU
		{87558811-EBD1-4D7C-8E21-70EAEA354EB5}.Release|Any CPU.ActiveCfg = Release|Any CPU
		{87558811-EBD1-4D7C-8E21-70EAEA354EB5}.Release|Any CPU.Build.0 = Release|Any CPU
	EndGlobalSection
	GlobalSection(SolutionProperties) = preSolution
		HideSolutionNode = FALSE
	EndGlobalSection
	GlobalSection(ExtensibilityGlobals) = postSolution
		SolutionGuid = {8656F74C-F3E2-47D5-AA5C-39212064B799}
	EndGlobalSection
EndGlobal
